
Microsoft Visual Studio Solution File, Format Version 12.00
# Visual Studio Version 16
VisualStudioVersion = 16.0.32228.343
MinimumVisualStudioVersion = 10.0.40219.1
Project("{FAE04EC0-301F-11D3-BF4B-00C04F79EFBC}") = "Entities", "Entities\Entities.csproj", "{864AA51C-5A4C-489A-AED1-E31BCBBF0AF4}"
EndProject
Project("{FAE04EC0-301F-11D3-BF4B-00C04F79EFBC}") = "DataAccess", "DataAccess\DataAccess.csproj", "{BBA52E4E-FD00-4FC9-B747-AB3BAC3FB103}"
EndProject
Project("{FAE04EC0-301F-11D3-BF4B-00C04F79EFBC}") = "Business", "Business\Business.csproj", "{A71DFBCC-3AFD-4B32-A6F6-8D7E41708A50}"
EndProject
Project("{FAE04EC0-301F-11D3-BF4B-00C04F79EFBC}") = "Core", "Core\Core.csproj", "{173772C7-3645-4F6B-90A1-C7EE5DDA5386}"
EndProject
Project("{FAE04EC0-301F-11D3-BF4B-00C04F79EFBC}") = "WebAPI", "WebAPI\WebAPI.csproj", "{2818F382-222F-4DCB-8728-25C961898CDE}"
EndProject
Global
	GlobalSection(SolutionConfigurationPlatforms) = preSolution
		Debug|Any CPU = Debug|Any CPU
		Release|Any CPU = Release|Any CPU
	EndGlobalSection
	GlobalSection(ProjectConfigurationPlatforms) = postSolution
		{864AA51C-5A4C-489A-AED1-E31BCBBF0AF4}.Debug|Any CPU.ActiveCfg = Debug|Any CPU
		{864AA51C-5A4C-489A-AED1-E31BCBBF0AF4}.Debug|Any CPU.Build.0 = Debug|Any CPU
		{864AA51C-5A4C-489A-AED1-E31BCBBF0AF4}.Release|Any CPU.ActiveCfg = Release|Any CPU
		{864AA51C-5A4C-489A-AED1-E31BCBBF0AF4}.Release|Any CPU.Build.0 = Release|Any CPU
		{BBA52E4E-FD00-4FC9-B747-AB3BAC3FB103}.Debug|Any CPU.ActiveCfg = Debug|Any CPU
		{BBA52E4E-FD00-4FC9-B747-AB3BAC3FB103}.Debug|Any CPU.Build.0 = Debug|Any CPU
		{BBA52E4E-FD00-4FC9-B747-AB3BAC3FB103}.Release|Any CPU.ActiveCfg = Release|Any CPU
		{BBA52E4E-FD00-4FC9-B747-AB3BAC3FB103}.Release|Any CPU.Build.0 = Release|Any CPU
		{A71DFBCC-3AFD-4B32-A6F6-8D7E41708A50}.Debug|Any CPU.ActiveCfg = Debug|Any CPU
		{A71DFBCC-3AFD-4B32-A6F6-8D7E41708A50}.Debug|Any CPU.Build.0 = Debug|Any CPU
		{A71DFBCC-3AFD-4B32-A6F6-8D7E41708A50}.Release|Any CPU.ActiveCfg = Release|Any CPU
		{A71DFBCC-3AFD-4B32-A6F6-8D7E41708A50}.Release|Any CPU.Build.0 = Release|Any CPU
		{173772C7-3645-4F6B-90A1-C7EE5DDA5386}.Debug|Any CPU.ActiveCfg = Debug|Any CPU
		{173772C7-3645-4F6B-90A1-C7EE5DDA5386}.Debug|Any CPU.Build.0 = Debug|Any CPU
		{173772C7-3645-4F6B-90A1-C7EE5DDA5386}.Release|Any CPU.ActiveCfg = Release|Any CPU
		{173772C7-3645-4F6B-90A1-C7EE5DDA5386}.Release|Any CPU.Build.0 = Release|Any CPU
		{2818F382-222F-4DCB-8728-25C961898CDE}.Debug|Any CPU.ActiveCfg = Debug|Any CPU
		{2818F382-222F-4DCB-8728-25C961898CDE}.Debug|Any CPU.Build.0 = Debug|Any CPU
		{2818F382-222F-4DCB-8728-25C961898CDE}.Release|Any CPU.ActiveCfg = Release|Any CPU
		{2818F382-222F-4DCB-8728-25C961898CDE}.Release|Any CPU.Build.0 = Release|Any CPU
	EndGlobalSection
	GlobalSection(SolutionProperties) = preSolution
		HideSolutionNode = FALSE
	EndGlobalSection
	GlobalSection(ExtensibilityGlobals) = postSolution
		SolutionGuid = {8BFBEA64-5716-40CE-97CB-0687141BABDE}
	EndGlobalSection
EndGlobal
